
Microsoft Visual Studio Solution File, Format Version 12.00
# Visual Studio Version 17
VisualStudioVersion = 17.7.34031.279
MinimumVisualStudioVersion = 10.0.40219.1
Project("{FAE04EC0-301F-11D3-BF4B-00C04F79EFBC}") = "BundleCounter", "BundleCounter\BundleCounter.csproj", "{DF282E9B-AE75-46CC-A6D3-17550C7DBABC}"
EndProject
Global
	GlobalSection(SolutionConfigurationPlatforms) = preSolution
		Debug|Any CPU = Debug|Any CPU
		Release|Any CPU = Release|Any CPU
	EndGlobalSection
	GlobalSection(ProjectConfigurationPlatforms) = postSolution
		{DF282E9B-AE75-46CC-A6D3-17550C7DBABC}.Debug|Any CPU.ActiveCfg = Debug|Any CPU
		{DF282E9B-AE75-46CC-A6D3-17550C7DBABC}.Debug|Any CPU.Build.0 = Debug|Any CPU
		{DF282E9B-AE75-46CC-A6D3-17550C7DBABC}.Release|Any CPU.ActiveCfg = Release|Any CPU
		{DF282E9B-AE75-46CC-A6D3-17550C7DBABC}.Release|Any CPU.Build.0 = Release|Any CPU
	EndGlobalSection
	GlobalSection(SolutionProperties) = preSolution
		HideSolutionNode = FALSE
	EndGlobalSection
	GlobalSection(ExtensibilityGlobals) = postSolution
		SolutionGuid = {3100528D-4171-4830-A1FE-6A2851100F38}
	EndGlobalSection
EndGlobal
